// !$*UTF8*$!
{
	archiveVersion = 1;
	classes = {
	};
	objectVersion = 46;
	objects = {

/* Begin PBXBuildFile section */
		A18411451A1C695A00C2387C /* AppDelegate.swift in Sources */ = {isa = PBXBuildFile; fileRef = A18411441A1C695A00C2387C /* AppDelegate.swift */; };
		A18411471A1C695A00C2387C /* ViewController.swift in Sources */ = {isa = PBXBuildFile; fileRef = A18411461A1C695A00C2387C /* ViewController.swift */; };
		A184114A1A1C695A00C2387C /* Main.storyboard in Resources */ = {isa = PBXBuildFile; fileRef = A18411481A1C695A00C2387C /* Main.storyboard */; };
		A184114C1A1C695A00C2387C /* Images.xcassets in Resources */ = {isa = PBXBuildFile; fileRef = A184114B1A1C695A00C2387C /* Images.xcassets */; };
		A184114F1A1C695A00C2387C /* LaunchScreen.xib in Resources */ = {isa = PBXBuildFile; fileRef = A184114D1A1C695A00C2387C /* LaunchScreen.xib */; };
		A184115B1A1C695A00C2387C /* AstroWatchKitTableDemoTests.swift in Sources */ = {isa = PBXBuildFile; fileRef = A184115A1A1C695A00C2387C /* AstroWatchKitTableDemoTests.swift */; };
		A184116B1A1C696900C2387C /* WatchKit.framework in Frameworks */ = {isa = PBXBuildFile; fileRef = A184116A1A1C696900C2387C /* WatchKit.framework */; };
		A18411701A1C696900C2387C /* InterfaceController.swift in Sources */ = {isa = PBXBuildFile; fileRef = A184116F1A1C696900C2387C /* InterfaceController.swift */; };
		A18411721A1C696900C2387C /* Images.xcassets in Resources */ = {isa = PBXBuildFile; fileRef = A18411711A1C696900C2387C /* Images.xcassets */; };
		A18411761A1C696A00C2387C /* AstroWatchKitTableDemo Watch App.app in Resources */ = {isa = PBXBuildFile; fileRef = A18411751A1C696A00C2387C /* AstroWatchKitTableDemo Watch App.app */; };
		A184117D1A1C696A00C2387C /* Interface.storyboard in Resources */ = {isa = PBXBuildFile; fileRef = A184117C1A1C696A00C2387C /* Interface.storyboard */; };
		A184117F1A1C696A00C2387C /* Images.xcassets in Resources */ = {isa = PBXBuildFile; fileRef = A184117E1A1C696A00C2387C /* Images.xcassets */; };
		A18411821A1C696A00C2387C /* AstroWatchKitTableDemo WatchKit Extension.appex in Embed App Extensions */ = {isa = PBXBuildFile; fileRef = A18411681A1C696900C2387C /* AstroWatchKitTableDemo WatchKit Extension.appex */; settings = {ATTRIBUTES = (RemoveHeadersOnCopy, ); }; };
		A184118B1A1C69C900C2387C /* AstroTableRowController.swift in Sources */ = {isa = PBXBuildFile; fileRef = A184118A1A1C69C900C2387C /* AstroTableRowController.swift */; };
		A1D2F8741A1C747F008BCA7C /* AstroDetailController.swift in Sources */ = {isa = PBXBuildFile; fileRef = A1D2F8731A1C747F008BCA7C /* AstroDetailController.swift */; };
/* End PBXBuildFile section */

/* Begin PBXContainerItemProxy section */
		A18411551A1C695A00C2387C /* PBXContainerItemProxy */ = {
			isa = PBXContainerItemProxy;
			containerPortal = A18411371A1C695A00C2387C /* Project object */;
			proxyType = 1;
			remoteGlobalIDString = A184113E1A1C695A00C2387C;
			remoteInfo = AstroWatchKitTableDemo;
		};
		A18411771A1C696A00C2387C /* PBXContainerItemProxy */ = {
			isa = PBXContainerItemProxy;
			containerPortal = A18411371A1C695A00C2387C /* Project object */;
			proxyType = 1;
			remoteGlobalIDString = A18411741A1C696A00C2387C;
			remoteInfo = "AstroWatchKitTableDemo Watch App";
		};
		A18411801A1C696A00C2387C /* PBXContainerItemProxy */ = {
			isa = PBXContainerItemProxy;
			containerPortal = A18411371A1C695A00C2387C /* Project object */;
			proxyType = 1;
			remoteGlobalIDString = A18411671A1C696900C2387C;
			remoteInfo = "AstroWatchKitTableDemo WatchKit Extension";
		};
/* End PBXContainerItemProxy section */

/* Begin PBXCopyFilesBuildPhase section */
		A18411891A1C696A00C2387C /* Embed App Extensions */ = {
			isa = PBXCopyFilesBuildPhase;
			buildActionMask = 2147483647;
			dstPath = "";
			dstSubfolderSpec = 13;
			files = (
				A18411821A1C696A00C2387C /* AstroWatchKitTableDemo WatchKit Extension.appex in Embed App Extensions */,
			);
			name = "Embed App Extensions";
			runOnlyForDeploymentPostprocessing = 0;
		};
/* End PBXCopyFilesBuildPhase section */

/* Begin PBXFileReference section */
		A184113F1A1C695A00C2387C /* AstroWatchKitTableDemo.app */ = {isa = PBXFileReference; explicitFileType = wrapper.application; includeInIndex = 0; path = AstroWatchKitTableDemo.app; sourceTree = BUILT_PRODUCTS_DIR; };
		A18411431A1C695A00C2387C /* Info.plist */ = {isa = PBXFileReference; lastKnownFileType = text.plist.xml; path = Info.plist; sourceTree = "<group>"; };
		A18411441A1C695A00C2387C /* AppDelegate.swift */ = {isa = PBXFileReference; lastKnownFileType = sourcecode.swift; path = AppDelegate.swift; sourceTree = "<group>"; };
		A18411461A1C695A00C2387C /* ViewController.swift */ = {isa = PBXFileReference; lastKnownFileType = sourcecode.swift; path = ViewController.swift; sourceTree = "<group>"; };
		A18411491A1C695A00C2387C /* Base */ = {isa = PBXFileReference; lastKnownFileType = file.storyboard; name = Base; path = Base.lproj/Main.storyboard; sourceTree = "<group>"; };
		A184114B1A1C695A00C2387C /* Images.xcassets */ = {isa = PBXFileReference; lastKnownFileType = folder.assetcatalog; path = Images.xcassets; sourceTree = "<group>"; };
		A184114E1A1C695A00C2387C /* Base */ = {isa = PBXFileReference; lastKnownFileType = file.xib; name = Base; path = Base.lproj/LaunchScreen.xib; sourceTree = "<group>"; };
		A18411541A1C695A00C2387C /* AstroWatchKitTableDemoTests.xctest */ = {isa = PBXFileReference; explicitFileType = wrapper.cfbundle; includeInIndex = 0; path = AstroWatchKitTableDemoTests.xctest; sourceTree = BUILT_PRODUCTS_DIR; };
		A18411591A1C695A00C2387C /* Info.plist */ = {isa = PBXFileReference; lastKnownFileType = text.plist.xml; path = Info.plist; sourceTree = "<group>"; };
		A184115A1A1C695A00C2387C /* AstroWatchKitTableDemoTests.swift */ = {isa = PBXFileReference; lastKnownFileType = sourcecode.swift; path = AstroWatchKitTableDemoTests.swift; sourceTree = "<group>"; };
		A18411681A1C696900C2387C /* AstroWatchKitTableDemo WatchKit Extension.appex */ = {isa = PBXFileReference; explicitFileType = "wrapper.app-extension"; includeInIndex = 0; path = "AstroWatchKitTableDemo WatchKit Extension.appex"; sourceTree = BUILT_PRODUCTS_DIR; };
		A184116A1A1C696900C2387C /* WatchKit.framework */ = {isa = PBXFileReference; lastKnownFileType = wrapper.framework; name = WatchKit.framework; path = System/Library/Frameworks/WatchKit.framework; sourceTree = SDKROOT; };
		A184116E1A1C696900C2387C /* Info.plist */ = {isa = PBXFileReference; lastKnownFileType = text.plist.xml; path = Info.plist; sourceTree = "<group>"; };
		A184116F1A1C696900C2387C /* InterfaceController.swift */ = {isa = PBXFileReference; lastKnownFileType = sourcecode.swift; path = InterfaceController.swift; sourceTree = "<group>"; };
		A18411711A1C696900C2387C /* Images.xcassets */ = {isa = PBXFileReference; lastKnownFileType = folder.assetcatalog; path = Images.xcassets; sourceTree = "<group>"; };
		A18411751A1C696A00C2387C /* AstroWatchKitTableDemo Watch App.app */ = {isa = PBXFileReference; explicitFileType = wrapper.application; includeInIndex = 0; path = "AstroWatchKitTableDemo Watch App.app"; sourceTree = BUILT_PRODUCTS_DIR; };
		A184117B1A1C696A00C2387C /* Info.plist */ = {isa = PBXFileReference; lastKnownFileType = text.plist.xml; path = Info.plist; sourceTree = "<group>"; };
		A184117C1A1C696A00C2387C /* Interface.storyboard */ = {isa = PBXFileReference; lastKnownFileType = file.storyboard; path = Interface.storyboard; sourceTree = "<group>"; };
		A184117E1A1C696A00C2387C /* Images.xcassets */ = {isa = PBXFileReference; lastKnownFileType = folder.assetcatalog; path = Images.xcassets; sourceTree = "<group>"; };
		A184118A1A1C69C900C2387C /* AstroTableRowController.swift */ = {isa = PBXFileReference; fileEncoding = 4; lastKnownFileType = sourcecode.swift; path = AstroTableRowController.swift; sourceTree = "<group>"; };
		A1D2F8731A1C747F008BCA7C /* AstroDetailController.swift */ = {isa = PBXFileReference; fileEncoding = 4; lastKnownFileType = sourcecode.swift; path = AstroDetailController.swift; sourceTree = "<group>"; };
/* End PBXFileReference section */

/* Begin PBXFrameworksBuildPhase section */
		A184113C1A1C695A00C2387C /* Frameworks */ = {
			isa = PBXFrameworksBuildPhase;
			buildActionMask = 2147483647;
			files = (
			);
			runOnlyForDeploymentPostprocessing = 0;
		};
		A18411511A1C695A00C2387C /* Frameworks */ = {
			isa = PBXFrameworksBuildPhase;
			buildActionMask = 2147483647;
			files = (
			);
			runOnlyForDeploymentPostprocessing = 0;
		};
		A18411651A1C696900C2387C /* Frameworks */ = {
			isa = PBXFrameworksBuildPhase;
			buildActionMask = 2147483647;
			files = (
				A184116B1A1C696900C2387C /* WatchKit.framework in Frameworks */,
			);
			runOnlyForDeploymentPostprocessing = 0;
		};
/* End PBXFrameworksBuildPhase section */

/* Begin PBXGroup section */
		A18411361A1C695A00C2387C = {
			isa = PBXGroup;
			children = (
				A18411411A1C695A00C2387C /* AstroWatchKitTableDemo */,
				A18411571A1C695A00C2387C /* AstroWatchKitTableDemoTests */,
				A184116C1A1C696900C2387C /* AstroWatchKitTableDemo WatchKit Extension */,
				A18411791A1C696A00C2387C /* AstroWatchKitTableDemo Watch App */,
				A18411691A1C696900C2387C /* Frameworks */,
				A18411401A1C695A00C2387C /* Products */,
			);
			sourceTree = "<group>";
		};
		A18411401A1C695A00C2387C /* Products */ = {
			isa = PBXGroup;
			children = (
				A184113F1A1C695A00C2387C /* AstroWatchKitTableDemo.app */,
				A18411541A1C695A00C2387C /* AstroWatchKitTableDemoTests.xctest */,
				A18411681A1C696900C2387C /* AstroWatchKitTableDemo WatchKit Extension.appex */,
				A18411751A1C696A00C2387C /* AstroWatchKitTableDemo Watch App.app */,
			);
			name = Products;
			sourceTree = "<group>";
		};
		A18411411A1C695A00C2387C /* AstroWatchKitTableDemo */ = {
			isa = PBXGroup;
			children = (
				A18411441A1C695A00C2387C /* AppDelegate.swift */,
				A18411461A1C695A00C2387C /* ViewController.swift */,
				A18411481A1C695A00C2387C /* Main.storyboard */,
				A184114B1A1C695A00C2387C /* Images.xcassets */,
				A184114D1A1C695A00C2387C /* LaunchScreen.xib */,
				A18411421A1C695A00C2387C /* Supporting Files */,
			);
			path = AstroWatchKitTableDemo;
			sourceTree = "<group>";
		};
		A18411421A1C695A00C2387C /* Supporting Files */ = {
			isa = PBXGroup;
			children = (
				A18411431A1C695A00C2387C /* Info.plist */,
			);
			name = "Supporting Files";
			sourceTree = "<group>";
		};
		A18411571A1C695A00C2387C /* AstroWatchKitTableDemoTests */ = {
			isa = PBXGroup;
			children = (
				A184115A1A1C695A00C2387C /* AstroWatchKitTableDemoTests.swift */,
				A18411581A1C695A00C2387C /* Supporting Files */,
			);
			path = AstroWatchKitTableDemoTests;
			sourceTree = "<group>";
		};
		A18411581A1C695A00C2387C /* Supporting Files */ = {
			isa = PBXGroup;
			children = (
				A18411591A1C695A00C2387C /* Info.plist */,
			);
			name = "Supporting Files";
			sourceTree = "<group>";
		};
		A18411691A1C696900C2387C /* Frameworks */ = {
			isa = PBXGroup;
			children = (
				A184116A1A1C696900C2387C /* WatchKit.framework */,
			);
			name = Frameworks;
			sourceTree = "<group>";
		};
		A184116C1A1C696900C2387C /* AstroWatchKitTableDemo WatchKit Extension */ = {
			isa = PBXGroup;
			children = (
				A184116F1A1C696900C2387C /* InterfaceController.swift */,
				A1D2F8731A1C747F008BCA7C /* AstroDetailController.swift */,
				A184118A1A1C69C900C2387C /* AstroTableRowController.swift */,
				A18411711A1C696900C2387C /* Images.xcassets */,
				A184116D1A1C696900C2387C /* Supporting Files */,
			);
			path = "AstroWatchKitTableDemo WatchKit Extension";
			sourceTree = "<group>";
		};
		A184116D1A1C696900C2387C /* Supporting Files */ = {
			isa = PBXGroup;
			children = (
				A184116E1A1C696900C2387C /* Info.plist */,
			);
			name = "Supporting Files";
			sourceTree = "<group>";
		};
		A18411791A1C696A00C2387C /* AstroWatchKitTableDemo Watch App */ = {
			isa = PBXGroup;
			children = (
				A184117C1A1C696A00C2387C /* Interface.storyboard */,
				A184117E1A1C696A00C2387C /* Images.xcassets */,
				A184117A1A1C696A00C2387C /* Supporting Files */,
			);
			path = "AstroWatchKitTableDemo Watch App";
			sourceTree = "<group>";
		};
		A184117A1A1C696A00C2387C /* Supporting Files */ = {
			isa = PBXGroup;
			children = (
				A184117B1A1C696A00C2387C /* Info.plist */,
			);
			name = "Supporting Files";
			sourceTree = "<group>";
		};
/* End PBXGroup section */

/* Begin PBXNativeTarget section */
		A184113E1A1C695A00C2387C /* AstroWatchKitTableDemo */ = {
			isa = PBXNativeTarget;
			buildConfigurationList = A184115E1A1C695A00C2387C /* Build configuration list for PBXNativeTarget "AstroWatchKitTableDemo" */;
			buildPhases = (
				A184113B1A1C695A00C2387C /* Sources */,
				A184113C1A1C695A00C2387C /* Frameworks */,
				A184113D1A1C695A00C2387C /* Resources */,
				A18411891A1C696A00C2387C /* Embed App Extensions */,
			);
			buildRules = (
			);
			dependencies = (
				A18411811A1C696A00C2387C /* PBXTargetDependency */,
			);
			name = AstroWatchKitTableDemo;
			productName = AstroWatchKitTableDemo;
			productReference = A184113F1A1C695A00C2387C /* AstroWatchKitTableDemo.app */;
			productType = "com.apple.product-type.application";
		};
		A18411531A1C695A00C2387C /* AstroWatchKitTableDemoTests */ = {
			isa = PBXNativeTarget;
			buildConfigurationList = A18411611A1C695A00C2387C /* Build configuration list for PBXNativeTarget "AstroWatchKitTableDemoTests" */;
			buildPhases = (
				A18411501A1C695A00C2387C /* Sources */,
				A18411511A1C695A00C2387C /* Frameworks */,
				A18411521A1C695A00C2387C /* Resources */,
			);
			buildRules = (
			);
			dependencies = (
				A18411561A1C695A00C2387C /* PBXTargetDependency */,
			);
			name = AstroWatchKitTableDemoTests;
			productName = AstroWatchKitTableDemoTests;
			productReference = A18411541A1C695A00C2387C /* AstroWatchKitTableDemoTests.xctest */;
			productType = "com.apple.product-type.bundle.unit-test";
		};
		A18411671A1C696900C2387C /* AstroWatchKitTableDemo WatchKit Extension */ = {
			isa = PBXNativeTarget;
			buildConfigurationList = A18411861A1C696A00C2387C /* Build configuration list for PBXNativeTarget "AstroWatchKitTableDemo WatchKit Extension" */;
			buildPhases = (
				A18411641A1C696900C2387C /* Sources */,
				A18411651A1C696900C2387C /* Frameworks */,
				A18411661A1C696900C2387C /* Resources */,
			);
			buildRules = (
			);
			dependencies = (
				A18411781A1C696A00C2387C /* PBXTargetDependency */,
			);
			name = "AstroWatchKitTableDemo WatchKit Extension";
			productName = "AstroWatchKitTableDemo WatchKit Extension";
			productReference = A18411681A1C696900C2387C /* AstroWatchKitTableDemo WatchKit Extension.appex */;
			productType = "com.apple.product-type.watchkit-extension";
		};
		A18411741A1C696A00C2387C /* AstroWatchKitTableDemo Watch App */ = {
			isa = PBXNativeTarget;
			buildConfigurationList = A18411831A1C696A00C2387C /* Build configuration list for PBXNativeTarget "AstroWatchKitTableDemo Watch App" */;
			buildPhases = (
				A18411731A1C696A00C2387C /* Resources */,
			);
			buildRules = (
			);
			dependencies = (
			);
			name = "AstroWatchKitTableDemo Watch App";
			productName = "AstroWatchKitTableDemo Watch App";
			productReference = A18411751A1C696A00C2387C /* AstroWatchKitTableDemo Watch App.app */;
			productType = "com.apple.product-type.application.watchapp";
		};
/* End PBXNativeTarget section */

/* Begin PBXProject section */
		A18411371A1C695A00C2387C /* Project object */ = {
			isa = PBXProject;
			attributes = {
				LastUpgradeCheck = 0620;
				ORGANIZATIONNAME = "Blue House Laboratories";
				TargetAttributes = {
					A184113E1A1C695A00C2387C = {
						CreatedOnToolsVersion = 6.2;
					};
					A18411531A1C695A00C2387C = {
						CreatedOnToolsVersion = 6.2;
						TestTargetID = A184113E1A1C695A00C2387C;
					};
					A18411671A1C696900C2387C = {
						CreatedOnToolsVersion = 6.2;
					};
					A18411741A1C696A00C2387C = {
						CreatedOnToolsVersion = 6.2;
					};
				};
			};
			buildConfigurationList = A184113A1A1C695A00C2387C /* Build configuration list for PBXProject "AstroWatchKitTableDemo" */;
			compatibilityVersion = "Xcode 3.2";
			developmentRegion = English;
			hasScannedForEncodings = 0;
			knownRegions = (
				en,
				Base,
			);
			mainGroup = A18411361A1C695A00C2387C;
			productRefGroup = A18411401A1C695A00C2387C /* Products */;
			projectDirPath = "";
			projectRoot = "";
			targets = (
				A184113E1A1C695A00C2387C /* AstroWatchKitTableDemo */,
				A18411531A1C695A00C2387C /* AstroWatchKitTableDemoTests */,
				A18411671A1C696900C2387C /* AstroWatchKitTableDemo WatchKit Extension */,
				A18411741A1C696A00C2387C /* AstroWatchKitTableDemo Watch App */,
			);
		};
/* End PBXProject section */

/* Begin PBXResourcesBuildPhase section */
		A184113D1A1C695A00C2387C /* Resources */ = {
			isa = PBXResourcesBuildPhase;
			buildActionMask = 2147483647;
			files = (
				A184114A1A1C695A00C2387C /* Main.storyboard in Resources */,
				A184114F1A1C695A00C2387C /* LaunchScreen.xib in Resources */,
				A184114C1A1C695A00C2387C /* Images.xcassets in Resources */,
			);
			runOnlyForDeploymentPostprocessing = 0;
		};
		A18411521A1C695A00C2387C /* Resources */ = {
			isa = PBXResourcesBuildPhase;
			buildActionMask = 2147483647;
			files = (
			);
			runOnlyForDeploymentPostprocessing = 0;
		};
		A18411661A1C696900C2387C /* Resources */ = {
			isa = PBXResourcesBuildPhase;
			buildActionMask = 2147483647;
			files = (
				A18411761A1C696A00C2387C /* AstroWatchKitTableDemo Watch App.app in Resources */,
				A18411721A1C696900C2387C /* Images.xcassets in Resources */,
			);
			runOnlyForDeploymentPostprocessing = 0;
		};
		A18411731A1C696A00C2387C /* Resources */ = {
			isa = PBXResourcesBuildPhase;
			buildActionMask = 2147483647;
			files = (
				A184117D1A1C696A00C2387C /* Interface.storyboard in Resources */,
				A184117F1A1C696A00C2387C /* Images.xcassets in Resources */,
			);
			runOnlyForDeploymentPostprocessing = 0;
		};
/* End PBXResourcesBuildPhase section */

/* Begin PBXSourcesBuildPhase section */
		A184113B1A1C695A00C2387C /* Sources */ = {
			isa = PBXSourcesBuildPhase;
			buildActionMask = 2147483647;
			files = (
				A18411471A1C695A00C2387C /* ViewController.swift in Sources */,
				A18411451A1C695A00C2387C /* AppDelegate.swift in Sources */,
			);
			runOnlyForDeploymentPostprocessing = 0;
		};
		A18411501A1C695A00C2387C /* Sources */ = {
			isa = PBXSourcesBuildPhase;
			buildActionMask = 2147483647;
			files = (
				A184115B1A1C695A00C2387C /* AstroWatchKitTableDemoTests.swift in Sources */,
			);
			runOnlyForDeploymentPostprocessing = 0;
		};
		A18411641A1C696900C2387C /* Sources */ = {
			isa = PBXSourcesBuildPhase;
			buildActionMask = 2147483647;
			files = (
				A18411701A1C696900C2387C /* InterfaceController.swift in Sources */,
				A184118B1A1C69C900C2387C /* AstroTableRowController.swift in Sources */,
				A1D2F8741A1C747F008BCA7C /* AstroDetailController.swift in Sources */,
			);
			runOnlyForDeploymentPostprocessing = 0;
		};
/* End PBXSourcesBuildPhase section */

/* Begin PBXTargetDependency section */
		A18411561A1C695A00C2387C /* PBXTargetDependency */ = {
			isa = PBXTargetDependency;
			target = A184113E1A1C695A00C2387C /* AstroWatchKitTableDemo */;
			targetProxy = A18411551A1C695A00C2387C /* PBXContainerItemProxy */;
		};
		A18411781A1C696A00C2387C /* PBXTargetDependency */ = {
			isa = PBXTargetDependency;
			target = A18411741A1C696A00C2387C /* AstroWatchKitTableDemo Watch App */;
			targetProxy = A18411771A1C696A00C2387C /* PBXContainerItemProxy */;
		};
		A18411811A1C696A00C2387C /* PBXTargetDependency */ = {
			isa = PBXTargetDependency;
			target = A18411671A1C696900C2387C /* AstroWatchKitTableDemo WatchKit Extension */;
			targetProxy = A18411801A1C696A00C2387C /* PBXContainerItemProxy */;
		};
/* End PBXTargetDependency section */

/* Begin PBXVariantGroup section */
		A18411481A1C695A00C2387C /* Main.storyboard */ = {
			isa = PBXVariantGroup;
			children = (
				A18411491A1C695A00C2387C /* Base */,
			);
			name = Main.storyboard;
			sourceTree = "<group>";
		};
		A184114D1A1C695A00C2387C /* LaunchScreen.xib */ = {
			isa = PBXVariantGroup;
			children = (
				A184114E1A1C695A00C2387C /* Base */,
			);
			name = LaunchScreen.xib;
			sourceTree = "<group>";
		};
/* End PBXVariantGroup section */

/* Begin XCBuildConfiguration section */
		A184115C1A1C695A00C2387C /* Debug */ = {
			isa = XCBuildConfiguration;
			buildSettings = {
				ALWAYS_SEARCH_USER_PATHS = NO;
				CLANG_CXX_LANGUAGE_STANDARD = "gnu++0x";
				CLANG_CXX_LIBRARY = "libc++";
				CLANG_ENABLE_MODULES = YES;
				CLANG_ENABLE_OBJC_ARC = YES;
				CLANG_WARN_BOOL_CONVERSION = YES;
				CLANG_WARN_CONSTANT_CONVERSION = YES;
				CLANG_WARN_DIRECT_OBJC_ISA_USAGE = YES_ERROR;
				CLANG_WARN_EMPTY_BODY = YES;
				CLANG_WARN_ENUM_CONVERSION = YES;
				CLANG_WARN_INT_CONVERSION = YES;
				CLANG_WARN_OBJC_ROOT_CLASS = YES_ERROR;
				CLANG_WARN_UNREACHABLE_CODE = YES;
				CLANG_WARN__DUPLICATE_METHOD_MATCH = YES;
				"CODE_SIGN_IDENTITY[sdk=iphoneos*]" = "iPhone Developer";
				COPY_PHASE_STRIP = NO;
				ENABLE_STRICT_OBJC_MSGSEND = YES;
				GCC_C_LANGUAGE_STANDARD = gnu99;
				GCC_DYNAMIC_NO_PIC = NO;
				GCC_OPTIMIZATION_LEVEL = 0;
				GCC_PREPROCESSOR_DEFINITIONS = (
					"DEBUG=1",
					"$(inherited)",
				);
				GCC_SYMBOLS_PRIVATE_EXTERN = NO;
				GCC_WARN_64_TO_32_BIT_CONVERSION = YES;
				GCC_WARN_ABOUT_RETURN_TYPE = YES_ERROR;
				GCC_WARN_UNDECLARED_SELECTOR = YES;
				GCC_WARN_UNINITIALIZED_AUTOS = YES_AGGRESSIVE;
				GCC_WARN_UNUSED_FUNCTION = YES;
				GCC_WARN_UNUSED_VARIABLE = YES;
				IPHONEOS_DEPLOYMENT_TARGET = 8.2;
				MTL_ENABLE_DEBUG_INFO = YES;
				ONLY_ACTIVE_ARCH = YES;
				SDKROOT = iphoneos;
				SWIFT_OPTIMIZATION_LEVEL = "-Onone";
			};
			name = Debug;
		};
		A184115D1A1C695A00C2387C /* Release */ = {
			isa = XCBuildConfiguration;
			buildSettings = {
				ALWAYS_SEARCH_USER_PATHS = NO;
				CLANG_CXX_LANGUAGE_STANDARD = "gnu++0x";
				CLANG_CXX_LIBRARY = "libc++";
				CLANG_ENABLE_MODULES = YES;
				CLANG_ENABLE_OBJC_ARC = YES;
				CLANG_WARN_BOOL_CONVERSION = YES;
				CLANG_WARN_CONSTANT_CONVERSION = YES;
				CLANG_WARN_DIRECT_OBJC_ISA_USAGE = YES_ERROR;
				CLANG_WARN_EMPTY_BODY = YES;
				CLANG_WARN_ENUM_CONVERSION = YES;
				CLANG_WARN_INT_CONVERSION = YES;
				CLANG_WARN_OBJC_ROOT_CLASS = YES_ERROR;
				CLANG_WARN_UNREACHABLE_CODE = YES;
				CLANG_WARN__DUPLICATE_METHOD_MATCH = YES;
				"CODE_SIGN_IDENTITY[sdk=iphoneos*]" = "iPhone Developer";
				COPY_PHASE_STRIP = YES;
				ENABLE_NS_ASSERTIONS = NO;
				ENABLE_STRICT_OBJC_MSGSEND = YES;
				GCC_C_LANGUAGE_STANDARD = gnu99;
				GCC_WARN_64_TO_32_BIT_CONVERSION = YES;
				GCC_WARN_ABOUT_RETURN_TYPE = YES_ERROR;
				GCC_WARN_UNDECLARED_SELECTOR = YES;
				GCC_WARN_UNINITIALIZED_AUTOS = YES_AGGRESSIVE;
				GCC_WARN_UNUSED_FUNCTION = YES;
				GCC_WARN_UNUSED_VARIABLE = YES;
				IPHONEOS_DEPLOYMENT_TARGET = 8.2;
				MTL_ENABLE_DEBUG_INFO = NO;
				SDKROOT = iphoneos;
				VALIDATE_PRODUCT = YES;
			};
			name = Release;
		};
		A184115F1A1C695A00C2387C /* Debug */ = {
			isa = XCBuildConfiguration;
			buildSettings = {
				ASSETCATALOG_COMPILER_APPICON_NAME = AppIcon;
				EMBEDDED_CONTENT_CONTAINS_SWIFT = YES;
				INFOPLIST_FILE = AstroWatchKitTableDemo/Info.plist;
				LD_RUNPATH_SEARCH_PATHS = "$(inherited) @executable_path/Frameworks";
				PRODUCT_NAME = "$(TARGET_NAME)";
			};
			name = Debug;
		};
		A18411601A1C695A00C2387C /* Release */ = {
			isa = XCBuildConfiguration;
			buildSettings = {
				ASSETCATALOG_COMPILER_APPICON_NAME = AppIcon;
				EMBEDDED_CONTENT_CONTAINS_SWIFT = YES;
				INFOPLIST_FILE = AstroWatchKitTableDemo/Info.plist;
				LD_RUNPATH_SEARCH_PATHS = "$(inherited) @executable_path/Frameworks";
				PRODUCT_NAME = "$(TARGET_NAME)";
			};
			name = Release;
		};
		A18411621A1C695A00C2387C /* Debug */ = {
			isa = XCBuildConfiguration;
			buildSettings = {
				BUNDLE_LOADER = "$(TEST_HOST)";
				FRAMEWORK_SEARCH_PATHS = (
					"$(SDKROOT)/Developer/Library/Frameworks",
					"$(inherited)",
				);
				GCC_PREPROCESSOR_DEFINITIONS = (
					"DEBUG=1",
					"$(inherited)",
				);
				INFOPLIST_FILE = AstroWatchKitTableDemoTests/Info.plist;
				LD_RUNPATH_SEARCH_PATHS = "$(inherited) @executable_path/Frameworks @loader_path/Frameworks";
				PRODUCT_NAME = "$(TARGET_NAME)";
				TEST_HOST = "$(BUILT_PRODUCTS_DIR)/AstroWatchKitTableDemo.app/AstroWatchKitTableDemo";
			};
			name = Debug;
		};
		A18411631A1C695A00C2387C /* Release */ = {
			isa = XCBuildConfiguration;
			buildSettings = {
				BUNDLE_LOADER = "$(TEST_HOST)";
				FRAMEWORK_SEARCH_PATHS = (
					"$(SDKROOT)/Developer/Library/Frameworks",
					"$(inherited)",
				);
				INFOPLIST_FILE = AstroWatchKitTableDemoTests/Info.plist;
				LD_RUNPATH_SEARCH_PATHS = "$(inherited) @executable_path/Frameworks @loader_path/Frameworks";
				PRODUCT_NAME = "$(TARGET_NAME)";
				TEST_HOST = "$(BUILT_PRODUCTS_DIR)/AstroWatchKitTableDemo.app/AstroWatchKitTableDemo";
			};
			name = Release;
		};
		A18411841A1C696A00C2387C /* Debug */ = {
			isa = XCBuildConfiguration;
			buildSettings = {
				ASSETCATALOG_COMPILER_APPICON_NAME = AppIcon;
				ASSETCATALOG_COMPILER_LAUNCHIMAGE_NAME = LaunchImage;
				GCC_PREPROCESSOR_DEFINITIONS = (
					"DEBUG=1",
					"$(inherited)",
				);
				IBSC_MODULE = AstroWatchKitTableDemo_WatchKit_Extension;
				INFOPLIST_FILE = "AstroWatchKitTableDemo Watch App/Info.plist";
				PRODUCT_NAME = "$(TARGET_NAME)";
				SKIP_INSTALL = YES;
				TARGETED_DEVICE_FAMILY = 4;
				"TARGETED_DEVICE_FAMILY[sdk=iphonesimulator*]" = "1,4";
			};
			name = Debug;
		};
		A18411851A1C696A00C2387C /* Release */ = {
			isa = XCBuildConfiguration;
			buildSettings = {
				ASSETCATALOG_COMPILER_APPICON_NAME = AppIcon;
				ASSETCATALOG_COMPILER_LAUNCHIMAGE_NAME = LaunchImage;
				IBSC_MODULE = AstroWatchKitTableDemo_WatchKit_Extension;
				INFOPLIST_FILE = "AstroWatchKitTableDemo Watch App/Info.plist";
				PRODUCT_NAME = "$(TARGET_NAME)";
				SKIP_INSTALL = YES;
				TARGETED_DEVICE_FAMILY = 4;
				"TARGETED_DEVICE_FAMILY[sdk=iphonesimulator*]" = "1,4";
			};
			name = Release;
		};
		A18411871A1C696A00C2387C /* Debug */ = {
			isa = XCBuildConfiguration;
			buildSettings = {
				GCC_PREPROCESSOR_DEFINITIONS = (
					"DEBUG=1",
					"$(inherited)",
				);
				INFOPLIST_FILE = "AstroWatchKitTableDemo WatchKit Extension/Info.plist";
				LD_RUNPATH_SEARCH_PATHS = "$(inherited) @executable_path/Frameworks @executable_path/../../Frameworks";
				PRODUCT_NAME = "${TARGET_NAME}";
				SKIP_INSTALL = YES;
			};
			name = Debug;
		};
		A18411881A1C696A00C2387C /* Release */ = {
			isa = XCBuildConfiguration;
			buildSettings = {
				INFOPLIST_FILE = "AstroWatchKitTableDemo WatchKit Extension/Info.plist";
				LD_RUNPATH_SEARCH_PATHS = "$(inherited) @executable_path/Frameworks @executable_path/../../Frameworks";
				PRODUCT_NAME = "${TARGET_NAME}";
				SKIP_INSTALL = YES;
			};
			name = Release;
		};
/* End XCBuildConfiguration section */

/* Begin XCConfigurationList section */
		A184113A1A1C695A00C2387C /* Build configuration list for PBXProject "AstroWatchKitTableDemo" */ = {
			isa = XCConfigurationList;
			buildConfigurations = (
				A184115C1A1C695A00C2387C /* Debug */,
				A184115D1A1C695A00C2387C /* Release */,
			);
			defaultConfigurationIsVisible = 0;
			defaultConfigurationName = Release;
		};
		A184115E1A1C695A00C2387C /* Build configuration list for PBXNativeTarget "AstroWatchKitTableDemo" */ = {
			isa = XCConfigurationList;
			buildConfigurations = (
				A184115F1A1C695A00C2387C /* Debug */,
				A18411601A1C695A00C2387C /* Release */,
			);
			defaultConfigurationIsVisible = 0;
			defaultConfigurationName = Release;
		};
		A18411611A1C695A00C2387C /* Build configuration list for PBXNativeTarget "AstroWatchKitTableDemoTests" */ = {
			isa = XCConfigurationList;
			buildConfigurations = (
				A18411621A1C695A00C2387C /* Debug */,
				A18411631A1C695A00C2387C /* Release */,
			);
			defaultConfigurationIsVisible = 0;
			defaultConfigurationName = Release;
		};
		A18411831A1C696A00C2387C /* Build configuration list for PBXNativeTarget "AstroWatchKitTableDemo Watch App" */ = {
			isa = XCConfigurationList;
			buildConfigurations = (
				A18411841A1C696A00C2387C /* Debug */,
				A18411851A1C696A00C2387C /* Release */,
			);
			defaultConfigurationIsVisible = 0;
			defaultConfigurationName = Release;
		};
		A18411861A1C696A00C2387C /* Build configuration list for PBXNativeTarget "AstroWatchKitTableDemo WatchKit Extension" */ = {
			isa = XCConfigurationList;
			buildConfigurations = (
				A18411871A1C696A00C2387C /* Debug */,
				A18411881A1C696A00C2387C /* Release */,
			);
			defaultConfigurationIsVisible = 0;
			defaultConfigurationName = Release;
		};
/* End XCConfigurationList section */
	};
	rootObject = A18411371A1C695A00C2387C /* Project object */;
}
